// !$*UTF8*$!
{
	archiveVersion = 1;
	classes = {
	};
	objectVersion = 50;
	objects = {

/* Begin PBXBuildFile section */
		190983CA2156722E00E2461A /* PromotionReview.storyboard in Resources */ = {isa = PBXBuildFile; fileRef = 190983C92156722E00E2461A /* PromotionReview.storyboard */; };
		190983CC2156723B00E2461A /* PromotionReviewViewController.swift in Sources */ = {isa = PBXBuildFile; fileRef = 190983CB2156723B00E2461A /* PromotionReviewViewController.swift */; };
		190983CE215672EB00E2461A /* PromotionReviewCell.swift in Sources */ = {isa = PBXBuildFile; fileRef = 190983CD215672EB00E2461A /* PromotionReviewCell.swift */; };
		190F74A6213E33850038234A /* UIViewController+.swift in Sources */ = {isa = PBXBuildFile; fileRef = 190F74A5213E33850038234A /* UIViewController+.swift */; };
		190F74AA213E34020038234A /* UIColor+.swift in Sources */ = {isa = PBXBuildFile; fileRef = 190F74A9213E34020038234A /* UIColor+.swift */; };
		190F74AC213E340F0038234A /* UIView+.swift in Sources */ = {isa = PBXBuildFile; fileRef = 190F74AB213E340F0038234A /* UIView+.swift */; };
		190F74AE213E34700038234A /* NSObject+.swift in Sources */ = {isa = PBXBuildFile; fileRef = 190F74AD213E34700038234A /* NSObject+.swift */; };
		190F74B0213E34B00038234A /* UIAlertController+.swift in Sources */ = {isa = PBXBuildFile; fileRef = 190F74AF213E34B00038234A /* UIAlertController+.swift */; };
		190FC3BB213A689C00DD333F /* AppDelegate.swift in Sources */ = {isa = PBXBuildFile; fileRef = 190FC3BA213A689C00DD333F /* AppDelegate.swift */; };
		190FC3C2213A689D00DD333F /* Assets.xcassets in Resources */ = {isa = PBXBuildFile; fileRef = 190FC3C1213A689D00DD333F /* Assets.xcassets */; };
		190FC3C5213A689D00DD333F /* LaunchScreen.storyboard in Resources */ = {isa = PBXBuildFile; fileRef = 190FC3C3213A689D00DD333F /* LaunchScreen.storyboard */; };
		191F02452157E8CC008EA81C /* DetailNutritionTipCell.swift in Sources */ = {isa = PBXBuildFile; fileRef = 1947C575214F2F9000BF6521 /* DetailNutritionTipCell.swift */; };
		191F02482157E92B008EA81C /* MainTabBarController.swift in Sources */ = {isa = PBXBuildFile; fileRef = 191F02472157E92B008EA81C /* MainTabBarController.swift */; };
		191F024A2157E92F008EA81C /* Main.storyboard in Resources */ = {isa = PBXBuildFile; fileRef = 191F02492157E92F008EA81C /* Main.storyboard */; };
		192366492165AF390043F9BB /* FruitListResponse.swift in Sources */ = {isa = PBXBuildFile; fileRef = 192366482165AF390043F9BB /* FruitListResponse.swift */; };
		1923664B2165B6BE0043F9BB /* ExamResponse.swift in Sources */ = {isa = PBXBuildFile; fileRef = 1923664A2165B6BE0043F9BB /* ExamResponse.swift */; };
		1923664D2165BF170043F9BB /* QuizResponse.swift in Sources */ = {isa = PBXBuildFile; fileRef = 1923664C2165BF170043F9BB /* QuizResponse.swift */; };
		1923664F2165D0CD0043F9BB /* Exercise.storyboard in Resources */ = {isa = PBXBuildFile; fileRef = 1923664E2165D0CD0043F9BB /* Exercise.storyboard */; };
		192366512165D0DB0043F9BB /* ExerciseViewController.swift in Sources */ = {isa = PBXBuildFile; fileRef = 192366502165D0DB0043F9BB /* ExerciseViewController.swift */; };
		192366542165D7F30043F9BB /* BackView.swift in Sources */ = {isa = PBXBuildFile; fileRef = 192366522165D7F30043F9BB /* BackView.swift */; };
		192366552165D7F30043F9BB /* NutritionView.swift in Sources */ = {isa = PBXBuildFile; fileRef = 192366532165D7F30043F9BB /* NutritionView.swift */; };
		192366562165D9060043F9BB /* BookCell.swift in Sources */ = {isa = PBXBuildFile; fileRef = 190983CF21568C9300E2461A /* BookCell.swift */; };
		192366572165D90A0043F9BB /* ChapterViewController.swift in Sources */ = {isa = PBXBuildFile; fileRef = 1947C55E214F27C000BF6521 /* ChapterViewController.swift */; };
		192366592165E2E40043F9BB /* ExerciseCell.swift in Sources */ = {isa = PBXBuildFile; fileRef = 192366582165E2E40043F9BB /* ExerciseCell.swift */; };
		1923665B216662860043F9BB /* IndicatorView.xib in Resources */ = {isa = PBXBuildFile; fileRef = 1923665A216662860043F9BB /* IndicatorView.xib */; };
		1923665D216662950043F9BB /* IndicatorView.swift in Sources */ = {isa = PBXBuildFile; fileRef = 1923665C216662950043F9BB /* IndicatorView.swift */; };
		1947C55D214F27B800BF6521 /* Chapter.storyboard in Resources */ = {isa = PBXBuildFile; fileRef = 1947C55C214F27B800BF6521 /* Chapter.storyboard */; };
		1947C562214F2B7800BF6521 /* ChapterCell.swift in Sources */ = {isa = PBXBuildFile; fileRef = 1947C561214F2B7800BF6521 /* ChapterCell.swift */; };
		1947C568214F2DC700BF6521 /* Record.swift in Sources */ = {isa = PBXBuildFile; fileRef = 1947C567214F2DC700BF6521 /* Record.swift */; };
		1947C56A214F2E0C00BF6521 /* Detail.storyboard in Resources */ = {isa = PBXBuildFile; fileRef = 1947C569214F2E0C00BF6521 /* Detail.storyboard */; };
		1947C56C214F2E1500BF6521 /* DetailViewController.swift in Sources */ = {isa = PBXBuildFile; fileRef = 1947C56B214F2E1500BF6521 /* DetailViewController.swift */; };
		1947C570214F2F2600BF6521 /* DetailImageCell.swift in Sources */ = {isa = PBXBuildFile; fileRef = 1947C56F214F2F2600BF6521 /* DetailImageCell.swift */; };
		1947C572214F2F2E00BF6521 /* DetailIntakeTipCell.swift in Sources */ = {isa = PBXBuildFile; fileRef = 1947C571214F2F2E00BF6521 /* DetailIntakeTipCell.swift */; };
		1947C574214F2F3900BF6521 /* DetailStandardTipCell.swift in Sources */ = {isa = PBXBuildFile; fileRef = 1947C573214F2F3900BF6521 /* DetailStandardTipCell.swift */; };
		1947C578214F2FA500BF6521 /* DetailQuizCell.swift in Sources */ = {isa = PBXBuildFile; fileRef = 1947C577214F2FA500BF6521 /* DetailQuizCell.swift */; };
		1947C57C214F9E5F00BF6521 /* FruitResponse.swift in Sources */ = {isa = PBXBuildFile; fileRef = 1947C57B214F9E5F00BF6521 /* FruitResponse.swift */; };
		1947C57E214FB3FE00BF6521 /* LoginViewController.swift in Sources */ = {isa = PBXBuildFile; fileRef = 1947C57D214FB3FE00BF6521 /* LoginViewController.swift */; };
		1947C588214FBF4A00BF6521 /* CertificateView.xib in Resources */ = {isa = PBXBuildFile; fileRef = 1947C587214FBF4A00BF6521 /* CertificateView.xib */; };
		1947C58A214FBF5800BF6521 /* CertificateView.swift in Sources */ = {isa = PBXBuildFile; fileRef = 1947C589214FBF5800BF6521 /* CertificateView.swift */; };
		195F2670215BA44200A6EED4 /* ResultView.xib in Resources */ = {isa = PBXBuildFile; fileRef = 195F266F215BA44200A6EED4 /* ResultView.xib */; };
		195F2672215BA45000A6EED4 /* ResultView.swift in Sources */ = {isa = PBXBuildFile; fileRef = 195F2671215BA45000A6EED4 /* ResultView.swift */; };
		19784239215FBF0C00D53F48 /* MyPage.storyboard in Resources */ = {isa = PBXBuildFile; fileRef = 19784238215FBF0C00D53F48 /* MyPage.storyboard */; };
		1978423B215FBF1600D53F48 /* MyPageViewController.swift in Sources */ = {isa = PBXBuildFile; fileRef = 1978423A215FBF1600D53F48 /* MyPageViewController.swift */; };
		1978423E215FC68000D53F48 /* Certificate.storyboard in Resources */ = {isa = PBXBuildFile; fileRef = 1978423D215FC68000D53F48 /* Certificate.storyboard */; };
		19784240215FC68600D53F48 /* CertificateViewController.swift in Sources */ = {isa = PBXBuildFile; fileRef = 1978423F215FC68600D53F48 /* CertificateViewController.swift */; };
		19784243215FC9BD00D53F48 /* Community.storyboard in Resources */ = {isa = PBXBuildFile; fileRef = 19784242215FC9BD00D53F48 /* Community.storyboard */; };
		19784245215FC9C500D53F48 /* CommunityViewController.swift in Sources */ = {isa = PBXBuildFile; fileRef = 19784244215FC9C500D53F48 /* CommunityViewController.swift */; };
		197E55BE21512550003A610D /* .swiftlint.yml in Resources */ = {isa = PBXBuildFile; fileRef = 197E55BD21512550003A610D /* .swiftlint.yml */; };
		19A113652157E5E80017292E /* KakaoOpenSDK.framework in Frameworks */ = {isa = PBXBuildFile; fileRef = 19A113642157E5E80017292E /* KakaoOpenSDK.framework */; };
		19A76F732161B69500C7C05F /* AlertView.swift in Sources */ = {isa = PBXBuildFile; fileRef = 19A76F722161B69500C7C05F /* AlertView.swift */; };
		19A76F752161B6F600C7C05F /* AlertView.xib in Resources */ = {isa = PBXBuildFile; fileRef = 19A76F742161B6F600C7C05F /* AlertView.xib */; };
		19A76F7B2162333200C7C05F /* ExerciseResponse.swift in Sources */ = {isa = PBXBuildFile; fileRef = 19A76F7A2162333200C7C05F /* ExerciseResponse.swift */; };
		19E274C72144D74E00E2F6D2 /* Network.swift in Sources */ = {isa = PBXBuildFile; fileRef = 19E274C62144D74E00E2F6D2 /* Network.swift */; };
		19E274C92144D75300E2F6D2 /* API.swift in Sources */ = {isa = PBXBuildFile; fileRef = 19E274C82144D75300E2F6D2 /* API.swift */; };
		19E274CB2144D93F00E2F6D2 /* Login.storyboard in Resources */ = {isa = PBXBuildFile; fileRef = 19E274CA2144D93F00E2F6D2 /* Login.storyboard */; };
		19E274D22144DA6300E2F6D2 /* Book.storyboard in Resources */ = {isa = PBXBuildFile; fileRef = 19E274D12144DA6300E2F6D2 /* Book.storyboard */; };
		19E274D42144DA7600E2F6D2 /* BookViewController.swift in Sources */ = {isa = PBXBuildFile; fileRef = 19E274D32144DA7600E2F6D2 /* BookViewController.swift */; };
		19EC61CA2152431B00A80DA4 /* QuizView.xib in Resources */ = {isa = PBXBuildFile; fileRef = 19EC61C92152431B00A80DA4 /* QuizView.xib */; };
		19EC61CC2152432400A80DA4 /* QuizView.swift in Sources */ = {isa = PBXBuildFile; fileRef = 19EC61CB2152432400A80DA4 /* QuizView.swift */; };
		19EC61CE215243B800A80DA4 /* QuizButton.swift in Sources */ = {isa = PBXBuildFile; fileRef = 19EC61CD215243B800A80DA4 /* QuizButton.swift */; };
		19FCF2402160FE9600BCC3F7 /* Grade.swift in Sources */ = {isa = PBXBuildFile; fileRef = 19FCF23F2160FE9600BCC3F7 /* Grade.swift */; };
		19FCF24221610AE500BCC3F7 /* UnlockView.xib in Resources */ = {isa = PBXBuildFile; fileRef = 19FCF24121610AE500BCC3F7 /* UnlockView.xib */; };
		19FCF24421610AF000BCC3F7 /* UnlockView.swift in Sources */ = {isa = PBXBuildFile; fileRef = 19FCF24321610AF000BCC3F7 /* UnlockView.swift */; };
		9E51A59652BFAA932928067F /* Pods_FruitSchool.framework in Frameworks */ = {isa = PBXBuildFile; fileRef = F105C82803FFC63FD567EBBB /* Pods_FruitSchool.framework */; };
		DBF51B8A2157CE0900AA85DF /* Tutorial.storyboard in Resources */ = {isa = PBXBuildFile; fileRef = DBF51B872157CE0900AA85DF /* Tutorial.storyboard */; };
		DBF51B8B2157CE0900AA85DF /* TutorialViewController.swift in Sources */ = {isa = PBXBuildFile; fileRef = DBF51B882157CE0900AA85DF /* TutorialViewController.swift */; };
/* End PBXBuildFile section */

/* Begin PBXFileReference section */
		190983C92156722E00E2461A /* PromotionReview.storyboard */ = {isa = PBXFileReference; lastKnownFileType = file.storyboard; path = PromotionReview.storyboard; sourceTree = "<group>"; };
		190983CB2156723B00E2461A /* PromotionReviewViewController.swift */ = {isa = PBXFileReference; lastKnownFileType = sourcecode.swift; path = PromotionReviewViewController.swift; sourceTree = "<group>"; };
		190983CD215672EB00E2461A /* PromotionReviewCell.swift */ = {isa = PBXFileReference; lastKnownFileType = sourcecode.swift; path = PromotionReviewCell.swift; sourceTree = "<group>"; };
		190983CF21568C9300E2461A /* BookCell.swift */ = {isa = PBXFileReference; lastKnownFileType = sourcecode.swift; path = BookCell.swift; sourceTree = "<group>"; };
		190F74A5213E33850038234A /* UIViewController+.swift */ = {isa = PBXFileReference; lastKnownFileType = sourcecode.swift; path = "UIViewController+.swift"; sourceTree = "<group>"; };
		190F74A9213E34020038234A /* UIColor+.swift */ = {isa = PBXFileReference; lastKnownFileType = sourcecode.swift; path = "UIColor+.swift"; sourceTree = "<group>"; };
		190F74AB213E340F0038234A /* UIView+.swift */ = {isa = PBXFileReference; lastKnownFileType = sourcecode.swift; path = "UIView+.swift"; sourceTree = "<group>"; };
		190F74AD213E34700038234A /* NSObject+.swift */ = {isa = PBXFileReference; lastKnownFileType = sourcecode.swift; path = "NSObject+.swift"; sourceTree = "<group>"; };
		190F74AF213E34B00038234A /* UIAlertController+.swift */ = {isa = PBXFileReference; lastKnownFileType = sourcecode.swift; path = "UIAlertController+.swift"; sourceTree = "<group>"; };
		190FC3B7213A689C00DD333F /* FruitSchool.app */ = {isa = PBXFileReference; explicitFileType = wrapper.application; includeInIndex = 0; path = FruitSchool.app; sourceTree = BUILT_PRODUCTS_DIR; };
		190FC3BA213A689C00DD333F /* AppDelegate.swift */ = {isa = PBXFileReference; lastKnownFileType = sourcecode.swift; path = AppDelegate.swift; sourceTree = "<group>"; };
		190FC3C1213A689D00DD333F /* Assets.xcassets */ = {isa = PBXFileReference; lastKnownFileType = folder.assetcatalog; path = Assets.xcassets; sourceTree = "<group>"; };
		190FC3C4213A689D00DD333F /* Base */ = {isa = PBXFileReference; lastKnownFileType = file.storyboard; name = Base; path = Base.lproj/LaunchScreen.storyboard; sourceTree = "<group>"; };
		190FC3C6213A689D00DD333F /* Info.plist */ = {isa = PBXFileReference; lastKnownFileType = text.plist.xml; path = Info.plist; sourceTree = "<group>"; };
		191F02472157E92B008EA81C /* MainTabBarController.swift */ = {isa = PBXFileReference; fileEncoding = 4; lastKnownFileType = sourcecode.swift; path = MainTabBarController.swift; sourceTree = "<group>"; };
		191F02492157E92F008EA81C /* Main.storyboard */ = {isa = PBXFileReference; fileEncoding = 4; lastKnownFileType = file.storyboard; path = Main.storyboard; sourceTree = "<group>"; };
		192366482165AF390043F9BB /* FruitListResponse.swift */ = {isa = PBXFileReference; lastKnownFileType = sourcecode.swift; path = FruitListResponse.swift; sourceTree = "<group>"; };
		1923664A2165B6BE0043F9BB /* ExamResponse.swift */ = {isa = PBXFileReference; lastKnownFileType = sourcecode.swift; path = ExamResponse.swift; sourceTree = "<group>"; };
		1923664C2165BF170043F9BB /* QuizResponse.swift */ = {isa = PBXFileReference; lastKnownFileType = sourcecode.swift; path = QuizResponse.swift; sourceTree = "<group>"; };
		1923664E2165D0CD0043F9BB /* Exercise.storyboard */ = {isa = PBXFileReference; lastKnownFileType = file.storyboard; path = Exercise.storyboard; sourceTree = "<group>"; };
		192366502165D0DB0043F9BB /* ExerciseViewController.swift */ = {isa = PBXFileReference; lastKnownFileType = sourcecode.swift; path = ExerciseViewController.swift; sourceTree = "<group>"; };
		192366522165D7F30043F9BB /* BackView.swift */ = {isa = PBXFileReference; fileEncoding = 4; lastKnownFileType = sourcecode.swift; name = BackView.swift; path = FruitSchool/Details/BackView.swift; sourceTree = SOURCE_ROOT; };
		192366532165D7F30043F9BB /* NutritionView.swift */ = {isa = PBXFileReference; fileEncoding = 4; lastKnownFileType = sourcecode.swift; name = NutritionView.swift; path = FruitSchool/Details/NutritionView.swift; sourceTree = SOURCE_ROOT; };
		192366582165E2E40043F9BB /* ExerciseCell.swift */ = {isa = PBXFileReference; lastKnownFileType = sourcecode.swift; path = ExerciseCell.swift; sourceTree = "<group>"; };
		1923665A216662860043F9BB /* IndicatorView.xib */ = {isa = PBXFileReference; lastKnownFileType = file.xib; path = IndicatorView.xib; sourceTree = "<group>"; };
		1923665C216662950043F9BB /* IndicatorView.swift */ = {isa = PBXFileReference; lastKnownFileType = sourcecode.swift; path = IndicatorView.swift; sourceTree = "<group>"; };
		1947C55C214F27B800BF6521 /* Chapter.storyboard */ = {isa = PBXFileReference; lastKnownFileType = file.storyboard; path = Chapter.storyboard; sourceTree = "<group>"; };
		1947C55E214F27C000BF6521 /* ChapterViewController.swift */ = {isa = PBXFileReference; lastKnownFileType = sourcecode.swift; path = ChapterViewController.swift; sourceTree = "<group>"; };
		1947C561214F2B7800BF6521 /* ChapterCell.swift */ = {isa = PBXFileReference; lastKnownFileType = sourcecode.swift; path = ChapterCell.swift; sourceTree = "<group>"; };
		1947C567214F2DC700BF6521 /* Record.swift */ = {isa = PBXFileReference; lastKnownFileType = sourcecode.swift; path = Record.swift; sourceTree = "<group>"; };
		1947C569214F2E0C00BF6521 /* Detail.storyboard */ = {isa = PBXFileReference; lastKnownFileType = file.storyboard; path = Detail.storyboard; sourceTree = "<group>"; };
		1947C56B214F2E1500BF6521 /* DetailViewController.swift */ = {isa = PBXFileReference; lastKnownFileType = sourcecode.swift; path = DetailViewController.swift; sourceTree = "<group>"; };
		1947C56F214F2F2600BF6521 /* DetailImageCell.swift */ = {isa = PBXFileReference; lastKnownFileType = sourcecode.swift; path = DetailImageCell.swift; sourceTree = "<group>"; };
		1947C571214F2F2E00BF6521 /* DetailIntakeTipCell.swift */ = {isa = PBXFileReference; lastKnownFileType = sourcecode.swift; path = DetailIntakeTipCell.swift; sourceTree = "<group>"; };
		1947C573214F2F3900BF6521 /* DetailStandardTipCell.swift */ = {isa = PBXFileReference; lastKnownFileType = sourcecode.swift; path = DetailStandardTipCell.swift; sourceTree = "<group>"; };
		1947C575214F2F9000BF6521 /* DetailNutritionTipCell.swift */ = {isa = PBXFileReference; lastKnownFileType = sourcecode.swift; path = DetailNutritionTipCell.swift; sourceTree = "<group>"; };
		1947C577214F2FA500BF6521 /* DetailQuizCell.swift */ = {isa = PBXFileReference; lastKnownFileType = sourcecode.swift; path = DetailQuizCell.swift; sourceTree = "<group>"; };
		1947C57B214F9E5F00BF6521 /* FruitResponse.swift */ = {isa = PBXFileReference; lastKnownFileType = sourcecode.swift; path = FruitResponse.swift; sourceTree = "<group>"; };
		1947C57D214FB3FE00BF6521 /* LoginViewController.swift */ = {isa = PBXFileReference; lastKnownFileType = sourcecode.swift; path = LoginViewController.swift; sourceTree = "<group>"; };
		1947C587214FBF4A00BF6521 /* CertificateView.xib */ = {isa = PBXFileReference; lastKnownFileType = file.xib; path = CertificateView.xib; sourceTree = "<group>"; };
		1947C589214FBF5800BF6521 /* CertificateView.swift */ = {isa = PBXFileReference; lastKnownFileType = sourcecode.swift; path = CertificateView.swift; sourceTree = "<group>"; };
		195F266F215BA44200A6EED4 /* ResultView.xib */ = {isa = PBXFileReference; lastKnownFileType = file.xib; path = ResultView.xib; sourceTree = "<group>"; };
		195F2671215BA45000A6EED4 /* ResultView.swift */ = {isa = PBXFileReference; lastKnownFileType = sourcecode.swift; path = ResultView.swift; sourceTree = "<group>"; };
		19784238215FBF0C00D53F48 /* MyPage.storyboard */ = {isa = PBXFileReference; lastKnownFileType = file.storyboard; path = MyPage.storyboard; sourceTree = "<group>"; };
		1978423A215FBF1600D53F48 /* MyPageViewController.swift */ = {isa = PBXFileReference; lastKnownFileType = sourcecode.swift; path = MyPageViewController.swift; sourceTree = "<group>"; };
		1978423D215FC68000D53F48 /* Certificate.storyboard */ = {isa = PBXFileReference; lastKnownFileType = file.storyboard; path = Certificate.storyboard; sourceTree = "<group>"; };
		1978423F215FC68600D53F48 /* CertificateViewController.swift */ = {isa = PBXFileReference; lastKnownFileType = sourcecode.swift; path = CertificateViewController.swift; sourceTree = "<group>"; };
		19784242215FC9BD00D53F48 /* Community.storyboard */ = {isa = PBXFileReference; lastKnownFileType = file.storyboard; path = Community.storyboard; sourceTree = "<group>"; };
		19784244215FC9C500D53F48 /* CommunityViewController.swift */ = {isa = PBXFileReference; lastKnownFileType = sourcecode.swift; path = CommunityViewController.swift; sourceTree = "<group>"; };
		197E55BD21512550003A610D /* .swiftlint.yml */ = {isa = PBXFileReference; lastKnownFileType = text; path = .swiftlint.yml; sourceTree = "<group>"; };
		19A113642157E5E80017292E /* KakaoOpenSDK.framework */ = {isa = PBXFileReference; lastKnownFileType = wrapper.framework; path = KakaoOpenSDK.framework; sourceTree = "<group>"; };
		19A76F722161B69500C7C05F /* AlertView.swift */ = {isa = PBXFileReference; lastKnownFileType = sourcecode.swift; path = AlertView.swift; sourceTree = "<group>"; };
		19A76F742161B6F600C7C05F /* AlertView.xib */ = {isa = PBXFileReference; lastKnownFileType = file.xib; path = AlertView.xib; sourceTree = "<group>"; };
		19A76F7A2162333200C7C05F /* ExerciseResponse.swift */ = {isa = PBXFileReference; lastKnownFileType = sourcecode.swift; path = ExerciseResponse.swift; sourceTree = "<group>"; };
		19E274C62144D74E00E2F6D2 /* Network.swift */ = {isa = PBXFileReference; lastKnownFileType = sourcecode.swift; path = Network.swift; sourceTree = "<group>"; };
		19E274C82144D75300E2F6D2 /* API.swift */ = {isa = PBXFileReference; lastKnownFileType = sourcecode.swift; path = API.swift; sourceTree = "<group>"; };
		19E274CA2144D93F00E2F6D2 /* Login.storyboard */ = {isa = PBXFileReference; lastKnownFileType = file.storyboard; path = Login.storyboard; sourceTree = "<group>"; };
		19E274D12144DA6300E2F6D2 /* Book.storyboard */ = {isa = PBXFileReference; lastKnownFileType = file.storyboard; path = Book.storyboard; sourceTree = "<group>"; };
		19E274D32144DA7600E2F6D2 /* BookViewController.swift */ = {isa = PBXFileReference; lastKnownFileType = sourcecode.swift; path = BookViewController.swift; sourceTree = "<group>"; };
		19EC61C92152431B00A80DA4 /* QuizView.xib */ = {isa = PBXFileReference; lastKnownFileType = file.xib; path = QuizView.xib; sourceTree = "<group>"; };
		19EC61CB2152432400A80DA4 /* QuizView.swift */ = {isa = PBXFileReference; lastKnownFileType = sourcecode.swift; path = QuizView.swift; sourceTree = "<group>"; };
		19EC61CD215243B800A80DA4 /* QuizButton.swift */ = {isa = PBXFileReference; lastKnownFileType = sourcecode.swift; path = QuizButton.swift; sourceTree = "<group>"; };
		19FCF23F2160FE9600BCC3F7 /* Grade.swift */ = {isa = PBXFileReference; lastKnownFileType = sourcecode.swift; path = Grade.swift; sourceTree = "<group>"; };
		19FCF24121610AE500BCC3F7 /* UnlockView.xib */ = {isa = PBXFileReference; lastKnownFileType = file.xib; path = UnlockView.xib; sourceTree = "<group>"; };
		19FCF24321610AF000BCC3F7 /* UnlockView.swift */ = {isa = PBXFileReference; lastKnownFileType = sourcecode.swift; path = UnlockView.swift; sourceTree = "<group>"; };
		AE308E65D83414C1D0945E8F /* Pods-FruitSchool.release.xcconfig */ = {isa = PBXFileReference; includeInIndex = 1; lastKnownFileType = text.xcconfig; name = "Pods-FruitSchool.release.xcconfig"; path = "Pods/Target Support Files/Pods-FruitSchool/Pods-FruitSchool.release.xcconfig"; sourceTree = "<group>"; };
		DA48AB07292D5B1D20B98DFD /* Pods-FruitSchool.debug.xcconfig */ = {isa = PBXFileReference; includeInIndex = 1; lastKnownFileType = text.xcconfig; name = "Pods-FruitSchool.debug.xcconfig"; path = "Pods/Target Support Files/Pods-FruitSchool/Pods-FruitSchool.debug.xcconfig"; sourceTree = "<group>"; };
		DBF51B872157CE0900AA85DF /* Tutorial.storyboard */ = {isa = PBXFileReference; fileEncoding = 4; lastKnownFileType = file.storyboard; path = Tutorial.storyboard; sourceTree = "<group>"; };
		DBF51B882157CE0900AA85DF /* TutorialViewController.swift */ = {isa = PBXFileReference; fileEncoding = 4; lastKnownFileType = sourcecode.swift; path = TutorialViewController.swift; sourceTree = "<group>"; };
		F105C82803FFC63FD567EBBB /* Pods_FruitSchool.framework */ = {isa = PBXFileReference; explicitFileType = wrapper.framework; includeInIndex = 0; path = Pods_FruitSchool.framework; sourceTree = BUILT_PRODUCTS_DIR; };
/* End PBXFileReference section */

/* Begin PBXFrameworksBuildPhase section */
		190FC3B4213A689C00DD333F /* Frameworks */ = {
			isa = PBXFrameworksBuildPhase;
			buildActionMask = 2147483647;
			files = (
				19A113652157E5E80017292E /* KakaoOpenSDK.framework in Frameworks */,
				9E51A59652BFAA932928067F /* Pods_FruitSchool.framework in Frameworks */,
			);
			runOnlyForDeploymentPostprocessing = 0;
		};
/* End PBXFrameworksBuildPhase section */

/* Begin PBXGroup section */
		190F74A3213E33590038234A /* Supporting Files */ = {
			isa = PBXGroup;
			children = (
				190FC3C6213A689D00DD333F /* Info.plist */,
				190FC3BA213A689C00DD333F /* AppDelegate.swift */,
				190FC3C1213A689D00DD333F /* Assets.xcassets */,
			);
			path = "Supporting Files";
			sourceTree = "<group>";
		};
		190F74A4213E33600038234A /* Extension */ = {
			isa = PBXGroup;
			children = (
				190F74AD213E34700038234A /* NSObject+.swift */,
				190F74AF213E34B00038234A /* UIAlertController+.swift */,
				190F74A9213E34020038234A /* UIColor+.swift */,
				190F74A5213E33850038234A /* UIViewController+.swift */,
				190F74AB213E340F0038234A /* UIView+.swift */,
			);
			path = Extension;
			sourceTree = "<group>";
		};
		190FC3AE213A689C00DD333F = {
			isa = PBXGroup;
			children = (
				197E55BD21512550003A610D /* .swiftlint.yml */,
				190FC3B9213A689C00DD333F /* FruitSchool */,
				190FC3B8213A689C00DD333F /* Products */,
				C371771957EB3C97F15BE1BE /* Pods */,
				416A087A72719A34F32E0F72 /* Frameworks */,
			);
			sourceTree = "<group>";
		};
		190FC3B8213A689C00DD333F /* Products */ = {
			isa = PBXGroup;
			children = (
				190FC3B7213A689C00DD333F /* FruitSchool.app */,
			);
			name = Products;
			sourceTree = "<group>";
		};
		190FC3B9213A689C00DD333F /* FruitSchool */ = {
			isa = PBXGroup;
			children = (
				19E274C42144D73C00E2F6D2 /* Model */,
				19E274C52144D74000E2F6D2 /* Network */,
				1947C564214F2DB000BF6521 /* Response */,
				19E274C22144D6EB00E2F6D2 /* Start */,
				191F02462157E91D008EA81C /* Main */,
				1947C586214FBF3500BF6521 /* Reusable Views */,
				190F74A4213E33600038234A /* Extension */,
				190F74A3213E33590038234A /* Supporting Files */,
			);
			path = FruitSchool;
			sourceTree = "<group>";
		};
		191F02462157E91D008EA81C /* Main */ = {
			isa = PBXGroup;
			children = (
				191F02492157E92F008EA81C /* Main.storyboard */,
				191F02472157E92B008EA81C /* MainTabBarController.swift */,
				19784246215FCA0500D53F48 /* Book */,
				19784247215FCA0E00D53F48 /* Chapter */,
				1947C560214F281F00BF6521 /* Promotion Review */,
				19784249215FD0A200D53F48 /* Exercise */,
				1947C563214F2CFF00BF6521 /* Detail */,
				19784241215FC9B000D53F48 /* Community */,
				19784237215FBEFA00D53F48 /* MyPage */,
			);
			path = Main;
			sourceTree = "<group>";
		};
		1947C560214F281F00BF6521 /* Promotion Review */ = {
			isa = PBXGroup;
			children = (
				190983C92156722E00E2461A /* PromotionReview.storyboard */,
				190983CB2156723B00E2461A /* PromotionReviewViewController.swift */,
				190983CD215672EB00E2461A /* PromotionReviewCell.swift */,
			);
			path = "Promotion Review";
			sourceTree = "<group>";
		};
		1947C563214F2CFF00BF6521 /* Detail */ = {
			isa = PBXGroup;
			children = (
				1947C569214F2E0C00BF6521 /* Detail.storyboard */,
				1947C56B214F2E1500BF6521 /* DetailViewController.swift */,
				1947C56F214F2F2600BF6521 /* DetailImageCell.swift */,
				1947C573214F2F3900BF6521 /* DetailStandardTipCell.swift */,
				1947C571214F2F2E00BF6521 /* DetailIntakeTipCell.swift */,
				1947C575214F2F9000BF6521 /* DetailNutritionTipCell.swift */,
				1947C577214F2FA500BF6521 /* DetailQuizCell.swift */,
				192366522165D7F30043F9BB /* BackView.swift */,
				192366532165D7F30043F9BB /* NutritionView.swift */,
			);
			path = Detail;
			sourceTree = "<group>";
		};
		1947C564214F2DB000BF6521 /* Response */ = {
			isa = PBXGroup;
			children = (
				1923664C2165BF170043F9BB /* QuizResponse.swift */,
				1947C57B214F9E5F00BF6521 /* FruitResponse.swift */,
				192366482165AF390043F9BB /* FruitListResponse.swift */,
				19A76F7A2162333200C7C05F /* ExerciseResponse.swift */,
				1923664A2165B6BE0043F9BB /* ExamResponse.swift */,
			);
			path = Response;
			sourceTree = "<group>";
		};
		1947C57F214FB40700BF6521 /* Login */ = {
			isa = PBXGroup;
			children = (
				19E274CA2144D93F00E2F6D2 /* Login.storyboard */,
				1947C57D214FB3FE00BF6521 /* LoginViewController.swift */,
			);
			path = Login;
			sourceTree = "<group>";
		};
		1947C580214FB40B00BF6521 /* Tutorial */ = {
			isa = PBXGroup;
			children = (
				DBF51B872157CE0900AA85DF /* Tutorial.storyboard */,
				DBF51B882157CE0900AA85DF /* TutorialViewController.swift */,
			);
			path = Tutorial;
			sourceTree = "<group>";
		};
		1947C586214FBF3500BF6521 /* Reusable Views */ = {
			isa = PBXGroup;
			children = (
				19EC61C92152431B00A80DA4 /* QuizView.xib */,
				19EC61CB2152432400A80DA4 /* QuizView.swift */,
				19EC61CD215243B800A80DA4 /* QuizButton.swift */,
				195F266F215BA44200A6EED4 /* ResultView.xib */,
				195F2671215BA45000A6EED4 /* ResultView.swift */,
				19A76F742161B6F600C7C05F /* AlertView.xib */,
				19A76F722161B69500C7C05F /* AlertView.swift */,
				1923665A216662860043F9BB /* IndicatorView.xib */,
				1923665C216662950043F9BB /* IndicatorView.swift */,
			);
			path = "Reusable Views";
			sourceTree = "<group>";
		};
		19784237215FBEFA00D53F48 /* MyPage */ = {
			isa = PBXGroup;
			children = (
				19784238215FBF0C00D53F48 /* MyPage.storyboard */,
				1978423A215FBF1600D53F48 /* MyPageViewController.swift */,
			);
			path = MyPage;
			sourceTree = "<group>";
		};
		1978423C215FC66C00D53F48 /* Certificate */ = {
			isa = PBXGroup;
			children = (
				1978423D215FC68000D53F48 /* Certificate.storyboard */,
				1978423F215FC68600D53F48 /* CertificateViewController.swift */,
				1947C587214FBF4A00BF6521 /* CertificateView.xib */,
				1947C589214FBF5800BF6521 /* CertificateView.swift */,
			);
			path = Certificate;
			sourceTree = "<group>";
		};
		19784241215FC9B000D53F48 /* Community */ = {
			isa = PBXGroup;
			children = (
				19784242215FC9BD00D53F48 /* Community.storyboard */,
				19784244215FC9C500D53F48 /* CommunityViewController.swift */,
			);
			path = Community;
			sourceTree = "<group>";
		};
		19784246215FCA0500D53F48 /* Book */ = {
			isa = PBXGroup;
			children = (
				19E274D12144DA6300E2F6D2 /* Book.storyboard */,
				19E274D32144DA7600E2F6D2 /* BookViewController.swift */,
				190983CF21568C9300E2461A /* BookCell.swift */,
			);
			path = Book;
			sourceTree = "<group>";
		};
		19784247215FCA0E00D53F48 /* Chapter */ = {
			isa = PBXGroup;
			children = (
				1947C55C214F27B800BF6521 /* Chapter.storyboard */,
				1947C55E214F27C000BF6521 /* ChapterViewController.swift */,
				1947C561214F2B7800BF6521 /* ChapterCell.swift */,
				19FCF24121610AE500BCC3F7 /* UnlockView.xib */,
				19FCF24321610AF000BCC3F7 /* UnlockView.swift */,
			);
			path = Chapter;
			sourceTree = "<group>";
		};
		19784249215FD0A200D53F48 /* Exercise */ = {
			isa = PBXGroup;
			children = (
				1923664E2165D0CD0043F9BB /* Exercise.storyboard */,
				192366502165D0DB0043F9BB /* ExerciseViewController.swift */,
				192366582165E2E40043F9BB /* ExerciseCell.swift */,
			);
			path = Exercise;
			sourceTree = "<group>";
		};
		19E274C22144D6EB00E2F6D2 /* Start */ = {
			isa = PBXGroup;
			children = (
				190FC3C3213A689D00DD333F /* LaunchScreen.storyboard */,
				1947C580214FB40B00BF6521 /* Tutorial */,
				1947C57F214FB40700BF6521 /* Login */,
				1978423C215FC66C00D53F48 /* Certificate */,
			);
			path = Start;
			sourceTree = "<group>";
		};
		19E274C42144D73C00E2F6D2 /* Model */ = {
			isa = PBXGroup;
			children = (
				1947C567214F2DC700BF6521 /* Record.swift */,
				19FCF23F2160FE9600BCC3F7 /* Grade.swift */,
			);
			path = Model;
			sourceTree = "<group>";
		};
		19E274C52144D74000E2F6D2 /* Network */ = {
			isa = PBXGroup;
			children = (
				19E274C62144D74E00E2F6D2 /* Network.swift */,
				19E274C82144D75300E2F6D2 /* API.swift */,
			);
			path = Network;
			sourceTree = "<group>";
		};
		416A087A72719A34F32E0F72 /* Frameworks */ = {
			isa = PBXGroup;
			children = (
				19A113642157E5E80017292E /* KakaoOpenSDK.framework */,
				F105C82803FFC63FD567EBBB /* Pods_FruitSchool.framework */,
			);
			name = Frameworks;
			sourceTree = "<group>";
		};
		C371771957EB3C97F15BE1BE /* Pods */ = {
			isa = PBXGroup;
			children = (
				DA48AB07292D5B1D20B98DFD /* Pods-FruitSchool.debug.xcconfig */,
				AE308E65D83414C1D0945E8F /* Pods-FruitSchool.release.xcconfig */,
			);
			name = Pods;
			sourceTree = "<group>";
		};
/* End PBXGroup section */

/* Begin PBXNativeTarget section */
		190FC3B6213A689C00DD333F /* FruitSchool */ = {
			isa = PBXNativeTarget;
			buildConfigurationList = 190FC3C9213A689D00DD333F /* Build configuration list for PBXNativeTarget "FruitSchool" */;
			buildPhases = (
				BE3E69945A6435DACEAB3AB1 /* [CP] Check Pods Manifest.lock */,
				190FC3B3213A689C00DD333F /* Sources */,
				190FC3B4213A689C00DD333F /* Frameworks */,
				190FC3B5213A689C00DD333F /* Resources */,
				7300568699B1CF225A7FA6B9 /* [CP] Embed Pods Frameworks */,
				197E55BC2151252D003A610D /* ShellScript */,
			);
			buildRules = (
			);
			dependencies = (
			);
			name = FruitSchool;
			productName = FruitSchool;
			productReference = 190FC3B7213A689C00DD333F /* FruitSchool.app */;
			productType = "com.apple.product-type.application";
		};
/* End PBXNativeTarget section */

/* Begin PBXProject section */
		190FC3AF213A689C00DD333F /* Project object */ = {
			isa = PBXProject;
			attributes = {
				LastSwiftUpdateCheck = 0940;
				LastUpgradeCheck = 1000;
				ORGANIZATIONNAME = YAPP;
				TargetAttributes = {
					190FC3B6213A689C00DD333F = {
						CreatedOnToolsVersion = 9.4.1;
					};
				};
			};
			buildConfigurationList = 190FC3B2213A689C00DD333F /* Build configuration list for PBXProject "FruitSchool" */;
			compatibilityVersion = "Xcode 9.3";
			developmentRegion = en;
			hasScannedForEncodings = 0;
			knownRegions = (
				en,
				Base,
			);
			mainGroup = 190FC3AE213A689C00DD333F;
			productRefGroup = 190FC3B8213A689C00DD333F /* Products */;
			projectDirPath = "";
			projectRoot = "";
			targets = (
				190FC3B6213A689C00DD333F /* FruitSchool */,
			);
		};
/* End PBXProject section */

/* Begin PBXResourcesBuildPhase section */
		190FC3B5213A689C00DD333F /* Resources */ = {
			isa = PBXResourcesBuildPhase;
			buildActionMask = 2147483647;
			files = (
				19FCF24221610AE500BCC3F7 /* UnlockView.xib in Resources */,
				1978423E215FC68000D53F48 /* Certificate.storyboard in Resources */,
				197E55BE21512550003A610D /* .swiftlint.yml in Resources */,
				19784239215FBF0C00D53F48 /* MyPage.storyboard in Resources */,
				190983CA2156722E00E2461A /* PromotionReview.storyboard in Resources */,
				19E274D22144DA6300E2F6D2 /* Book.storyboard in Resources */,
				1947C56A214F2E0C00BF6521 /* Detail.storyboard in Resources */,
				1947C588214FBF4A00BF6521 /* CertificateView.xib in Resources */,
				190FC3C5213A689D00DD333F /* LaunchScreen.storyboard in Resources */,
				19A76F752161B6F600C7C05F /* AlertView.xib in Resources */,
				1923665B216662860043F9BB /* IndicatorView.xib in Resources */,
				1923664F2165D0CD0043F9BB /* Exercise.storyboard in Resources */,
				191F024A2157E92F008EA81C /* Main.storyboard in Resources */,
				190FC3C2213A689D00DD333F /* Assets.xcassets in Resources */,
				1947C55D214F27B800BF6521 /* Chapter.storyboard in Resources */,
				19E274CB2144D93F00E2F6D2 /* Login.storyboard in Resources */,
				DBF51B8A2157CE0900AA85DF /* Tutorial.storyboard in Resources */,
				19784243215FC9BD00D53F48 /* Community.storyboard in Resources */,
				19EC61CA2152431B00A80DA4 /* QuizView.xib in Resources */,
				195F2670215BA44200A6EED4 /* ResultView.xib in Resources */,
			);
			runOnlyForDeploymentPostprocessing = 0;
		};
/* End PBXResourcesBuildPhase section */

/* Begin PBXShellScriptBuildPhase section */
		197E55BC2151252D003A610D /* ShellScript */ = {
			isa = PBXShellScriptBuildPhase;
			buildActionMask = 2147483647;
			files = (
			);
			inputFileListPaths = (
			);
			inputPaths = (
			);
			outputFileListPaths = (
			);
			outputPaths = (
			);
			runOnlyForDeploymentPostprocessing = 0;
			shellPath = /bin/sh;
			shellScript = "# Type a script or drag a script file from your workspace to insert its path.\n${PODS_ROOT}/SwiftLint/swiftlint\n";
		};
		7300568699B1CF225A7FA6B9 /* [CP] Embed Pods Frameworks */ = {
			isa = PBXShellScriptBuildPhase;
			buildActionMask = 2147483647;
			files = (
			);
			inputPaths = (
				"${PODS_ROOT}/Target Support Files/Pods-FruitSchool/Pods-FruitSchool-frameworks.sh",
				"${BUILT_PRODUCTS_DIR}/Realm/Realm.framework",
				"${BUILT_PRODUCTS_DIR}/RealmSwift/RealmSwift.framework",
			);
			name = "[CP] Embed Pods Frameworks";
			outputPaths = (
				"${TARGET_BUILD_DIR}/${FRAMEWORKS_FOLDER_PATH}/Realm.framework",
				"${TARGET_BUILD_DIR}/${FRAMEWORKS_FOLDER_PATH}/RealmSwift.framework",
			);
			runOnlyForDeploymentPostprocessing = 0;
			shellPath = /bin/sh;
			shellScript = "\"${PODS_ROOT}/Target Support Files/Pods-FruitSchool/Pods-FruitSchool-frameworks.sh\"\n";
			showEnvVarsInLog = 0;
		};
		BE3E69945A6435DACEAB3AB1 /* [CP] Check Pods Manifest.lock */ = {
			isa = PBXShellScriptBuildPhase;
			buildActionMask = 2147483647;
			files = (
			);
			inputPaths = (
				"${PODS_PODFILE_DIR_PATH}/Podfile.lock",
				"${PODS_ROOT}/Manifest.lock",
			);
			name = "[CP] Check Pods Manifest.lock";
			outputPaths = (
				"$(DERIVED_FILE_DIR)/Pods-FruitSchool-checkManifestLockResult.txt",
			);
			runOnlyForDeploymentPostprocessing = 0;
			shellPath = /bin/sh;
			shellScript = "diff \"${PODS_PODFILE_DIR_PATH}/Podfile.lock\" \"${PODS_ROOT}/Manifest.lock\" > /dev/null\nif [ $? != 0 ] ; then\n    # print error to STDERR\n    echo \"error: The sandbox is not in sync with the Podfile.lock. Run 'pod install' or update your CocoaPods installation.\" >&2\n    exit 1\nfi\n# This output is used by Xcode 'outputs' to avoid re-running this script phase.\necho \"SUCCESS\" > \"${SCRIPT_OUTPUT_FILE_0}\"\n";
			showEnvVarsInLog = 0;
		};
/* End PBXShellScriptBuildPhase section */

/* Begin PBXSourcesBuildPhase section */
		190FC3B3213A689C00DD333F /* Sources */ = {
			isa = PBXSourcesBuildPhase;
			buildActionMask = 2147483647;
			files = (
				192366572165D90A0043F9BB /* ChapterViewController.swift in Sources */,
				192366562165D9060043F9BB /* BookCell.swift in Sources */,
				1947C572214F2F2E00BF6521 /* DetailIntakeTipCell.swift in Sources */,
				191F02482157E92B008EA81C /* MainTabBarController.swift in Sources */,
				19E274D42144DA7600E2F6D2 /* BookViewController.swift in Sources */,
				190F74B0213E34B00038234A /* UIAlertController+.swift in Sources */,
				190F74AC213E340F0038234A /* UIView+.swift in Sources */,
				1978423B215FBF1600D53F48 /* MyPageViewController.swift in Sources */,
				192366512165D0DB0043F9BB /* ExerciseViewController.swift in Sources */,
				192366492165AF390043F9BB /* FruitListResponse.swift in Sources */,
				190983CE215672EB00E2461A /* PromotionReviewCell.swift in Sources */,
				190983CC2156723B00E2461A /* PromotionReviewViewController.swift in Sources */,
				19FCF24421610AF000BCC3F7 /* UnlockView.swift in Sources */,
				1923664D2165BF170043F9BB /* QuizResponse.swift in Sources */,
				19784240215FC68600D53F48 /* CertificateViewController.swift in Sources */,
				1947C58A214FBF5800BF6521 /* CertificateView.swift in Sources */,
				19A76F7B2162333200C7C05F /* ExerciseResponse.swift in Sources */,
				19FCF2402160FE9600BCC3F7 /* Grade.swift in Sources */,
				DBF51B8B2157CE0900AA85DF /* TutorialViewController.swift in Sources */,
				1923664B2165B6BE0043F9BB /* ExamResponse.swift in Sources */,
				1947C568214F2DC700BF6521 /* Record.swift in Sources */,
				195F2672215BA45000A6EED4 /* ResultView.swift in Sources */,
				190FC3BB213A689C00DD333F /* AppDelegate.swift in Sources */,
				1947C56C214F2E1500BF6521 /* DetailViewController.swift in Sources */,
				1947C562214F2B7800BF6521 /* ChapterCell.swift in Sources */,
				19E274C92144D75300E2F6D2 /* API.swift in Sources */,
				1923665D216662950043F9BB /* IndicatorView.swift in Sources */,
				191F02452157E8CC008EA81C /* DetailNutritionTipCell.swift in Sources */,
				19EC61CE215243B800A80DA4 /* QuizButton.swift in Sources */,
				19784245215FC9C500D53F48 /* CommunityViewController.swift in Sources */,
				192366542165D7F30043F9BB /* BackView.swift in Sources */,
				19E274C72144D74E00E2F6D2 /* Network.swift in Sources */,
				190F74AE213E34700038234A /* NSObject+.swift in Sources */,
				1947C57C214F9E5F00BF6521 /* FruitResponse.swift in Sources */,
				1947C574214F2F3900BF6521 /* DetailStandardTipCell.swift in Sources */,
				192366592165E2E40043F9BB /* ExerciseCell.swift in Sources */,
				19A76F732161B69500C7C05F /* AlertView.swift in Sources */,
				190F74A6213E33850038234A /* UIViewController+.swift in Sources */,
				1947C570214F2F2600BF6521 /* DetailImageCell.swift in Sources */,
				1947C578214F2FA500BF6521 /* DetailQuizCell.swift in Sources */,
				19EC61CC2152432400A80DA4 /* QuizView.swift in Sources */,
				192366552165D7F30043F9BB /* NutritionView.swift in Sources */,
				1947C57E214FB3FE00BF6521 /* LoginViewController.swift in Sources */,
				190F74AA213E34020038234A /* UIColor+.swift in Sources */,
			);
			runOnlyForDeploymentPostprocessing = 0;
		};
/* End PBXSourcesBuildPhase section */

/* Begin PBXVariantGroup section */
		190FC3C3213A689D00DD333F /* LaunchScreen.storyboard */ = {
			isa = PBXVariantGroup;
			children = (
				190FC3C4213A689D00DD333F /* Base */,
			);
			name = LaunchScreen.storyboard;
			sourceTree = "<group>";
		};
/* End PBXVariantGroup section */

/* Begin XCBuildConfiguration section */
		190FC3C7213A689D00DD333F /* Debug */ = {
			isa = XCBuildConfiguration;
			buildSettings = {
				ALWAYS_SEARCH_USER_PATHS = NO;
				CLANG_ANALYZER_NONNULL = YES;
				CLANG_ANALYZER_NUMBER_OBJECT_CONVERSION = YES_AGGRESSIVE;
				CLANG_CXX_LANGUAGE_STANDARD = "gnu++14";
				CLANG_CXX_LIBRARY = "libc++";
				CLANG_ENABLE_MODULES = YES;
				CLANG_ENABLE_OBJC_ARC = YES;
				CLANG_ENABLE_OBJC_WEAK = YES;
				CLANG_WARN_BLOCK_CAPTURE_AUTORELEASING = YES;
				CLANG_WARN_BOOL_CONVERSION = YES;
				CLANG_WARN_COMMA = YES;
				CLANG_WARN_CONSTANT_CONVERSION = YES;
				CLANG_WARN_DEPRECATED_OBJC_IMPLEMENTATIONS = YES;
				CLANG_WARN_DIRECT_OBJC_ISA_USAGE = YES_ERROR;
				CLANG_WARN_DOCUMENTATION_COMMENTS = YES;
				CLANG_WARN_EMPTY_BODY = YES;
				CLANG_WARN_ENUM_CONVERSION = YES;
				CLANG_WARN_INFINITE_RECURSION = YES;
				CLANG_WARN_INT_CONVERSION = YES;
				CLANG_WARN_NON_LITERAL_NULL_CONVERSION = YES;
				CLANG_WARN_OBJC_IMPLICIT_RETAIN_SELF = YES;
				CLANG_WARN_OBJC_LITERAL_CONVERSION = YES;
				CLANG_WARN_OBJC_ROOT_CLASS = YES_ERROR;
				CLANG_WARN_RANGE_LOOP_ANALYSIS = YES;
				CLANG_WARN_STRICT_PROTOTYPES = YES;
				CLANG_WARN_SUSPICIOUS_MOVE = YES;
				CLANG_WARN_UNGUARDED_AVAILABILITY = YES_AGGRESSIVE;
				CLANG_WARN_UNREACHABLE_CODE = YES;
				CLANG_WARN__DUPLICATE_METHOD_MATCH = YES;
				CODE_SIGN_IDENTITY = "iPhone Developer";
				COPY_PHASE_STRIP = NO;
				DEBUG_INFORMATION_FORMAT = dwarf;
				ENABLE_STRICT_OBJC_MSGSEND = YES;
				ENABLE_TESTABILITY = YES;
				GCC_C_LANGUAGE_STANDARD = gnu11;
				GCC_DYNAMIC_NO_PIC = NO;
				GCC_NO_COMMON_BLOCKS = YES;
				GCC_OPTIMIZATION_LEVEL = 0;
				GCC_PREPROCESSOR_DEFINITIONS = (
					"DEBUG=1",
					"$(inherited)",
				);
				GCC_WARN_64_TO_32_BIT_CONVERSION = YES;
				GCC_WARN_ABOUT_RETURN_TYPE = YES_ERROR;
				GCC_WARN_UNDECLARED_SELECTOR = YES;
				GCC_WARN_UNINITIALIZED_AUTOS = YES_AGGRESSIVE;
				GCC_WARN_UNUSED_FUNCTION = YES;
				GCC_WARN_UNUSED_VARIABLE = YES;
				IPHONEOS_DEPLOYMENT_TARGET = 10.0;
				MTL_ENABLE_DEBUG_INFO = YES;
				ONLY_ACTIVE_ARCH = YES;
				SDKROOT = iphoneos;
				SWIFT_ACTIVE_COMPILATION_CONDITIONS = DEBUG;
				SWIFT_OPTIMIZATION_LEVEL = "-Onone";
			};
			name = Debug;
		};
		190FC3C8213A689D00DD333F /* Release */ = {
			isa = XCBuildConfiguration;
			buildSettings = {
				ALWAYS_SEARCH_USER_PATHS = NO;
				CLANG_ANALYZER_NONNULL = YES;
				CLANG_ANALYZER_NUMBER_OBJECT_CONVERSION = YES_AGGRESSIVE;
				CLANG_CXX_LANGUAGE_STANDARD = "gnu++14";
				CLANG_CXX_LIBRARY = "libc++";
				CLANG_ENABLE_MODULES = YES;
				CLANG_ENABLE_OBJC_ARC = YES;
				CLANG_ENABLE_OBJC_WEAK = YES;
				CLANG_WARN_BLOCK_CAPTURE_AUTORELEASING = YES;
				CLANG_WARN_BOOL_CONVERSION = YES;
				CLANG_WARN_COMMA = YES;
				CLANG_WARN_CONSTANT_CONVERSION = YES;
				CLANG_WARN_DEPRECATED_OBJC_IMPLEMENTATIONS = YES;
				CLANG_WARN_DIRECT_OBJC_ISA_USAGE = YES_ERROR;
				CLANG_WARN_DOCUMENTATION_COMMENTS = YES;
				CLANG_WARN_EMPTY_BODY = YES;
				CLANG_WARN_ENUM_CONVERSION = YES;
				CLANG_WARN_INFINITE_RECURSION = YES;
				CLANG_WARN_INT_CONVERSION = YES;
				CLANG_WARN_NON_LITERAL_NULL_CONVERSION = YES;
				CLANG_WARN_OBJC_IMPLICIT_RETAIN_SELF = YES;
				CLANG_WARN_OBJC_LITERAL_CONVERSION = YES;
				CLANG_WARN_OBJC_ROOT_CLASS = YES_ERROR;
				CLANG_WARN_RANGE_LOOP_ANALYSIS = YES;
				CLANG_WARN_STRICT_PROTOTYPES = YES;
				CLANG_WARN_SUSPICIOUS_MOVE = YES;
				CLANG_WARN_UNGUARDED_AVAILABILITY = YES_AGGRESSIVE;
				CLANG_WARN_UNREACHABLE_CODE = YES;
				CLANG_WARN__DUPLICATE_METHOD_MATCH = YES;
				CODE_SIGN_IDENTITY = "iPhone Developer";
				COPY_PHASE_STRIP = NO;
				DEBUG_INFORMATION_FORMAT = "dwarf-with-dsym";
				ENABLE_NS_ASSERTIONS = NO;
				ENABLE_STRICT_OBJC_MSGSEND = YES;
				GCC_C_LANGUAGE_STANDARD = gnu11;
				GCC_NO_COMMON_BLOCKS = YES;
				GCC_WARN_64_TO_32_BIT_CONVERSION = YES;
				GCC_WARN_ABOUT_RETURN_TYPE = YES_ERROR;
				GCC_WARN_UNDECLARED_SELECTOR = YES;
				GCC_WARN_UNINITIALIZED_AUTOS = YES_AGGRESSIVE;
				GCC_WARN_UNUSED_FUNCTION = YES;
				GCC_WARN_UNUSED_VARIABLE = YES;
				IPHONEOS_DEPLOYMENT_TARGET = 10.0;
				MTL_ENABLE_DEBUG_INFO = NO;
				SDKROOT = iphoneos;
				SWIFT_COMPILATION_MODE = wholemodule;
				SWIFT_OPTIMIZATION_LEVEL = "-O";
				VALIDATE_PRODUCT = YES;
			};
			name = Release;
		};
		190FC3CA213A689D00DD333F /* Debug */ = {
			isa = XCBuildConfiguration;
			baseConfigurationReference = DA48AB07292D5B1D20B98DFD /* Pods-FruitSchool.debug.xcconfig */;
			buildSettings = {
				ASSETCATALOG_COMPILER_APPICON_NAME = AppIcon;
				CODE_SIGN_STYLE = Automatic;
				DEVELOPMENT_TEAM = H79MF628K3;
				FRAMEWORK_SEARCH_PATHS = (
					"$(inherited)",
					"$(PROJECT_DIR)",
				);
				INFOPLIST_FILE = "$(SRCROOT)/FruitSchool/Supporting Files/Info.plist";
				IPHONEOS_DEPLOYMENT_TARGET = 10.0;
				LD_RUNPATH_SEARCH_PATHS = (
					"$(inherited)",
					"@executable_path/Frameworks",
				);
				OTHER_LDFLAGS = (
					"$(inherited)",
					"-ObjC",
					"-framework",
					"\"Realm\"",
					"-framework",
					"\"RealmSwift\"",
					"-all_load",
				);
				PRODUCT_BUNDLE_IDENTIFIER = com.yapp.FruitSchool;
				PRODUCT_NAME = "$(TARGET_NAME)";
				SWIFT_VERSION = 4.0;
				TARGETED_DEVICE_FAMILY = 1;
			};
			name = Debug;
		};
		190FC3CB213A689D00DD333F /* Release */ = {
			isa = XCBuildConfiguration;
			baseConfigurationReference = AE308E65D83414C1D0945E8F /* Pods-FruitSchool.release.xcconfig */;
			buildSettings = {
				ASSETCATALOG_COMPILER_APPICON_NAME = AppIcon;
				CODE_SIGN_STYLE = Automatic;
				DEVELOPMENT_TEAM = H79MF628K3;
				FRAMEWORK_SEARCH_PATHS = (
					"$(inherited)",
					"$(PROJECT_DIR)",
				);
				INFOPLIST_FILE = "$(SRCROOT)/FruitSchool/Supporting Files/Info.plist";
				IPHONEOS_DEPLOYMENT_TARGET = 10.0;
				LD_RUNPATH_SEARCH_PATHS = (
					"$(inherited)",
					"@executable_path/Frameworks",
				);
				OTHER_LDFLAGS = (
					"$(inherited)",
					"-ObjC",
					"-framework",
					"\"Realm\"",
					"-framework",
					"\"RealmSwift\"",
					"-all_load",
				);
				PRODUCT_BUNDLE_IDENTIFIER = com.yapp.FruitSchool;
				PRODUCT_NAME = "$(TARGET_NAME)";
				SWIFT_VERSION = 4.0;
				TARGETED_DEVICE_FAMILY = 1;
			};
			name = Release;
		};
/* End XCBuildConfiguration section */

/* Begin XCConfigurationList section */
		190FC3B2213A689C00DD333F /* Build configuration list for PBXProject "FruitSchool" */ = {
			isa = XCConfigurationList;
			buildConfigurations = (
				190FC3C7213A689D00DD333F /* Debug */,
				190FC3C8213A689D00DD333F /* Release */,
			);
			defaultConfigurationIsVisible = 0;
			defaultConfigurationName = Release;
		};
		190FC3C9213A689D00DD333F /* Build configuration list for PBXNativeTarget "FruitSchool" */ = {
			isa = XCConfigurationList;
			buildConfigurations = (
				190FC3CA213A689D00DD333F /* Debug */,
				190FC3CB213A689D00DD333F /* Release */,
			);
			defaultConfigurationIsVisible = 0;
			defaultConfigurationName = Release;
		};
/* End XCConfigurationList section */
	};
	rootObject = 190FC3AF213A689C00DD333F /* Project object */;
}
