// !$*UTF8*$!
{
	archiveVersion = 1;
	classes = {
	};
	objectVersion = 50;
	objects = {

/* Begin PBXBuildFile section */
		190F74A6213E33850038234A /* UIViewController+.swift in Sources */ = {isa = PBXBuildFile; fileRef = 190F74A5213E33850038234A /* UIViewController+.swift */; };
		190F74A8213E33DC0038234A /* String+.swift in Sources */ = {isa = PBXBuildFile; fileRef = 190F74A7213E33DC0038234A /* String+.swift */; };
		190F74AA213E34020038234A /* UIColor+.swift in Sources */ = {isa = PBXBuildFile; fileRef = 190F74A9213E34020038234A /* UIColor+.swift */; };
		190F74AC213E340F0038234A /* UIView+.swift in Sources */ = {isa = PBXBuildFile; fileRef = 190F74AB213E340F0038234A /* UIView+.swift */; };
		190F74AE213E34700038234A /* NSObject+.swift in Sources */ = {isa = PBXBuildFile; fileRef = 190F74AD213E34700038234A /* NSObject+.swift */; };
		190F74B0213E34B00038234A /* UIAlertController+.swift in Sources */ = {isa = PBXBuildFile; fileRef = 190F74AF213E34B00038234A /* UIAlertController+.swift */; };
		190FC3BB213A689C00DD333F /* AppDelegate.swift in Sources */ = {isa = PBXBuildFile; fileRef = 190FC3BA213A689C00DD333F /* AppDelegate.swift */; };
		190FC3C2213A689D00DD333F /* Assets.xcassets in Resources */ = {isa = PBXBuildFile; fileRef = 190FC3C1213A689D00DD333F /* Assets.xcassets */; };
		190FC3C5213A689D00DD333F /* LaunchScreen.storyboard in Resources */ = {isa = PBXBuildFile; fileRef = 190FC3C3213A689D00DD333F /* LaunchScreen.storyboard */; };
		19E274C72144D74E00E2F6D2 /* Network.swift in Sources */ = {isa = PBXBuildFile; fileRef = 19E274C62144D74E00E2F6D2 /* Network.swift */; };
		19E274C92144D75300E2F6D2 /* API.swift in Sources */ = {isa = PBXBuildFile; fileRef = 19E274C82144D75300E2F6D2 /* API.swift */; };
		19E274CB2144D93F00E2F6D2 /* Login.storyboard in Resources */ = {isa = PBXBuildFile; fileRef = 19E274CA2144D93F00E2F6D2 /* Login.storyboard */; };
		19E274CD2144D94800E2F6D2 /* Tutorial.storyboard in Resources */ = {isa = PBXBuildFile; fileRef = 19E274CC2144D94800E2F6D2 /* Tutorial.storyboard */; };
		19E274CF2144D95500E2F6D2 /* Certificate.storyboard in Resources */ = {isa = PBXBuildFile; fileRef = 19E274CE2144D95500E2F6D2 /* Certificate.storyboard */; };
		19E274D22144DA6300E2F6D2 /* FruitBook.storyboard in Resources */ = {isa = PBXBuildFile; fileRef = 19E274D12144DA6300E2F6D2 /* FruitBook.storyboard */; };
		19E274D42144DA7600E2F6D2 /* FruitBookViewController.swift in Sources */ = {isa = PBXBuildFile; fileRef = 19E274D32144DA7600E2F6D2 /* FruitBookViewController.swift */; };
		19E274D62144DDE600E2F6D2 /* Notification.Name.swift in Sources */ = {isa = PBXBuildFile; fileRef = 19E274D52144DDE600E2F6D2 /* Notification.Name.swift */; };
		19E274D82144DEED00E2F6D2 /* FruitBookDetailViewController.swift in Sources */ = {isa = PBXBuildFile; fileRef = 19E274D72144DEED00E2F6D2 /* FruitBookDetailViewController.swift */; };
		263ED1ACE83EAA3C1B5EC81A /* Pods_FruitSchool.framework in Frameworks */ = {isa = PBXBuildFile; fileRef = 48E984EE3A34C42D62533B13 /* Pods_FruitSchool.framework */; };
/* End PBXBuildFile section */

/* Begin PBXFileReference section */
		190F74A5213E33850038234A /* UIViewController+.swift */ = {isa = PBXFileReference; lastKnownFileType = sourcecode.swift; path = "UIViewController+.swift"; sourceTree = "<group>"; };
		190F74A7213E33DC0038234A /* String+.swift */ = {isa = PBXFileReference; lastKnownFileType = sourcecode.swift; path = "String+.swift"; sourceTree = "<group>"; };
		190F74A9213E34020038234A /* UIColor+.swift */ = {isa = PBXFileReference; lastKnownFileType = sourcecode.swift; path = "UIColor+.swift"; sourceTree = "<group>"; };
		190F74AB213E340F0038234A /* UIView+.swift */ = {isa = PBXFileReference; lastKnownFileType = sourcecode.swift; path = "UIView+.swift"; sourceTree = "<group>"; };
		190F74AD213E34700038234A /* NSObject+.swift */ = {isa = PBXFileReference; lastKnownFileType = sourcecode.swift; path = "NSObject+.swift"; sourceTree = "<group>"; };
		190F74AF213E34B00038234A /* UIAlertController+.swift */ = {isa = PBXFileReference; lastKnownFileType = sourcecode.swift; path = "UIAlertController+.swift"; sourceTree = "<group>"; };
		190FC3B7213A689C00DD333F /* FruitSchool.app */ = {isa = PBXFileReference; explicitFileType = wrapper.application; includeInIndex = 0; path = FruitSchool.app; sourceTree = BUILT_PRODUCTS_DIR; };
		190FC3BA213A689C00DD333F /* AppDelegate.swift */ = {isa = PBXFileReference; lastKnownFileType = sourcecode.swift; path = AppDelegate.swift; sourceTree = "<group>"; };
		190FC3C1213A689D00DD333F /* Assets.xcassets */ = {isa = PBXFileReference; lastKnownFileType = folder.assetcatalog; path = Assets.xcassets; sourceTree = "<group>"; };
		190FC3C4213A689D00DD333F /* Base */ = {isa = PBXFileReference; lastKnownFileType = file.storyboard; name = Base; path = Base.lproj/LaunchScreen.storyboard; sourceTree = "<group>"; };
		190FC3C6213A689D00DD333F /* Info.plist */ = {isa = PBXFileReference; lastKnownFileType = text.plist.xml; path = Info.plist; sourceTree = "<group>"; };
		19E274C62144D74E00E2F6D2 /* Network.swift */ = {isa = PBXFileReference; lastKnownFileType = sourcecode.swift; path = Network.swift; sourceTree = "<group>"; };
		19E274C82144D75300E2F6D2 /* API.swift */ = {isa = PBXFileReference; lastKnownFileType = sourcecode.swift; path = API.swift; sourceTree = "<group>"; };
		19E274CA2144D93F00E2F6D2 /* Login.storyboard */ = {isa = PBXFileReference; lastKnownFileType = file.storyboard; path = Login.storyboard; sourceTree = "<group>"; };
		19E274CC2144D94800E2F6D2 /* Tutorial.storyboard */ = {isa = PBXFileReference; lastKnownFileType = file.storyboard; path = Tutorial.storyboard; sourceTree = "<group>"; };
		19E274CE2144D95500E2F6D2 /* Certificate.storyboard */ = {isa = PBXFileReference; lastKnownFileType = file.storyboard; path = Certificate.storyboard; sourceTree = "<group>"; };
		19E274D12144DA6300E2F6D2 /* FruitBook.storyboard */ = {isa = PBXFileReference; lastKnownFileType = file.storyboard; path = FruitBook.storyboard; sourceTree = "<group>"; };
		19E274D32144DA7600E2F6D2 /* FruitBookViewController.swift */ = {isa = PBXFileReference; lastKnownFileType = sourcecode.swift; path = FruitBookViewController.swift; sourceTree = "<group>"; };
		19E274D52144DDE600E2F6D2 /* Notification.Name.swift */ = {isa = PBXFileReference; lastKnownFileType = sourcecode.swift; path = Notification.Name.swift; sourceTree = "<group>"; };
		19E274D72144DEED00E2F6D2 /* FruitBookDetailViewController.swift */ = {isa = PBXFileReference; lastKnownFileType = sourcecode.swift; path = FruitBookDetailViewController.swift; sourceTree = "<group>"; };
		48E984EE3A34C42D62533B13 /* Pods_FruitSchool.framework */ = {isa = PBXFileReference; explicitFileType = wrapper.framework; includeInIndex = 0; path = Pods_FruitSchool.framework; sourceTree = BUILT_PRODUCTS_DIR; };
		AE308E65D83414C1D0945E8F /* Pods-FruitSchool.release.xcconfig */ = {isa = PBXFileReference; includeInIndex = 1; lastKnownFileType = text.xcconfig; name = "Pods-FruitSchool.release.xcconfig"; path = "Pods/Target Support Files/Pods-FruitSchool/Pods-FruitSchool.release.xcconfig"; sourceTree = "<group>"; };
		DA48AB07292D5B1D20B98DFD /* Pods-FruitSchool.debug.xcconfig */ = {isa = PBXFileReference; includeInIndex = 1; lastKnownFileType = text.xcconfig; name = "Pods-FruitSchool.debug.xcconfig"; path = "Pods/Target Support Files/Pods-FruitSchool/Pods-FruitSchool.debug.xcconfig"; sourceTree = "<group>"; };
/* End PBXFileReference section */

/* Begin PBXFrameworksBuildPhase section */
		190FC3B4213A689C00DD333F /* Frameworks */ = {
			isa = PBXFrameworksBuildPhase;
			buildActionMask = 2147483647;
			files = (
				263ED1ACE83EAA3C1B5EC81A /* Pods_FruitSchool.framework in Frameworks */,
			);
			runOnlyForDeploymentPostprocessing = 0;
		};
/* End PBXFrameworksBuildPhase section */

/* Begin PBXGroup section */
		190F74A3213E33590038234A /* Supporting Files */ = {
			isa = PBXGroup;
			children = (
				190FC3C6213A689D00DD333F /* Info.plist */,
				190FC3BA213A689C00DD333F /* AppDelegate.swift */,
				190FC3C1213A689D00DD333F /* Assets.xcassets */,
			);
			path = "Supporting Files";
			sourceTree = "<group>";
		};
		190F74A4213E33600038234A /* Extension */ = {
			isa = PBXGroup;
			children = (
				19E274D52144DDE600E2F6D2 /* Notification.Name.swift */,
				190F74AD213E34700038234A /* NSObject+.swift */,
				190F74A7213E33DC0038234A /* String+.swift */,
				190F74AF213E34B00038234A /* UIAlertController+.swift */,
				190F74A9213E34020038234A /* UIColor+.swift */,
				190F74A5213E33850038234A /* UIViewController+.swift */,
				190F74AB213E340F0038234A /* UIView+.swift */,
			);
			path = Extension;
			sourceTree = "<group>";
		};
		190FC3AE213A689C00DD333F = {
			isa = PBXGroup;
			children = (
				190FC3B9213A689C00DD333F /* FruitSchool */,
				190FC3B8213A689C00DD333F /* Products */,
				C371771957EB3C97F15BE1BE /* Pods */,
				416A087A72719A34F32E0F72 /* Frameworks */,
			);
			sourceTree = "<group>";
		};
		190FC3B8213A689C00DD333F /* Products */ = {
			isa = PBXGroup;
			children = (
				190FC3B7213A689C00DD333F /* FruitSchool.app */,
			);
			name = Products;
			sourceTree = "<group>";
		};
		190FC3B9213A689C00DD333F /* FruitSchool */ = {
			isa = PBXGroup;
			children = (
				19E274C42144D73C00E2F6D2 /* Model */,
				19E274C52144D74000E2F6D2 /* Network */,
				19E274C22144D6EB00E2F6D2 /* Start */,
				19E274C32144D72D00E2F6D2 /* Home */,
				19E274D02144D9F700E2F6D2 /* Fruit Book */,
				190F74A4213E33600038234A /* Extension */,
				190F74A3213E33590038234A /* Supporting Files */,
			);
			path = FruitSchool;
			sourceTree = "<group>";
		};
		19E274C22144D6EB00E2F6D2 /* Start */ = {
			isa = PBXGroup;
			children = (
				190FC3C3213A689D00DD333F /* LaunchScreen.storyboard */,
				19E274CA2144D93F00E2F6D2 /* Login.storyboard */,
				19E274CC2144D94800E2F6D2 /* Tutorial.storyboard */,
				19E274CE2144D95500E2F6D2 /* Certificate.storyboard */,
			);
			path = Start;
			sourceTree = "<group>";
		};
		19E274C32144D72D00E2F6D2 /* Home */ = {
			isa = PBXGroup;
			children = (
			);
			path = Home;
			sourceTree = "<group>";
		};
		19E274C42144D73C00E2F6D2 /* Model */ = {
			isa = PBXGroup;
			children = (
			);
			path = Model;
			sourceTree = "<group>";
		};
		19E274C52144D74000E2F6D2 /* Network */ = {
			isa = PBXGroup;
			children = (
				19E274C62144D74E00E2F6D2 /* Network.swift */,
				19E274C82144D75300E2F6D2 /* API.swift */,
			);
			path = Network;
			sourceTree = "<group>";
		};
		19E274D02144D9F700E2F6D2 /* Fruit Book */ = {
			isa = PBXGroup;
			children = (
				19E274D12144DA6300E2F6D2 /* FruitBook.storyboard */,
				19E274D32144DA7600E2F6D2 /* FruitBookViewController.swift */,
				19E274D72144DEED00E2F6D2 /* FruitBookDetailViewController.swift */,
			);
			path = "Fruit Book";
			sourceTree = "<group>";
		};
		416A087A72719A34F32E0F72 /* Frameworks */ = {
			isa = PBXGroup;
			children = (
				48E984EE3A34C42D62533B13 /* Pods_FruitSchool.framework */,
			);
			name = Frameworks;
			sourceTree = "<group>";
		};
		C371771957EB3C97F15BE1BE /* Pods */ = {
			isa = PBXGroup;
			children = (
				DA48AB07292D5B1D20B98DFD /* Pods-FruitSchool.debug.xcconfig */,
				AE308E65D83414C1D0945E8F /* Pods-FruitSchool.release.xcconfig */,
			);
			name = Pods;
			sourceTree = "<group>";
		};
/* End PBXGroup section */

/* Begin PBXNativeTarget section */
		190FC3B6213A689C00DD333F /* FruitSchool */ = {
			isa = PBXNativeTarget;
			buildConfigurationList = 190FC3C9213A689D00DD333F /* Build configuration list for PBXNativeTarget "FruitSchool" */;
			buildPhases = (
				BE3E69945A6435DACEAB3AB1 /* [CP] Check Pods Manifest.lock */,
				190FC3B3213A689C00DD333F /* Sources */,
				190FC3B4213A689C00DD333F /* Frameworks */,
				190FC3B5213A689C00DD333F /* Resources */,
				7300568699B1CF225A7FA6B9 /* [CP] Embed Pods Frameworks */,
			);
			buildRules = (
			);
			dependencies = (
			);
			name = FruitSchool;
			productName = FruitSchool;
			productReference = 190FC3B7213A689C00DD333F /* FruitSchool.app */;
			productType = "com.apple.product-type.application";
		};
/* End PBXNativeTarget section */

/* Begin PBXProject section */
		190FC3AF213A689C00DD333F /* Project object */ = {
			isa = PBXProject;
			attributes = {
				LastSwiftUpdateCheck = 0940;
				LastUpgradeCheck = 0940;
				ORGANIZATIONNAME = YAPP;
				TargetAttributes = {
					190FC3B6213A689C00DD333F = {
						CreatedOnToolsVersion = 9.4.1;
					};
				};
			};
			buildConfigurationList = 190FC3B2213A689C00DD333F /* Build configuration list for PBXProject "FruitSchool" */;
			compatibilityVersion = "Xcode 9.3";
			developmentRegion = en;
			hasScannedForEncodings = 0;
			knownRegions = (
				en,
				Base,
			);
			mainGroup = 190FC3AE213A689C00DD333F;
			productRefGroup = 190FC3B8213A689C00DD333F /* Products */;
			projectDirPath = "";
			projectRoot = "";
			targets = (
				190FC3B6213A689C00DD333F /* FruitSchool */,
			);
		};
/* End PBXProject section */

/* Begin PBXResourcesBuildPhase section */
		190FC3B5213A689C00DD333F /* Resources */ = {
			isa = PBXResourcesBuildPhase;
			buildActionMask = 2147483647;
			files = (
				19E274D22144DA6300E2F6D2 /* FruitBook.storyboard in Resources */,
				190FC3C5213A689D00DD333F /* LaunchScreen.storyboard in Resources */,
				190FC3C2213A689D00DD333F /* Assets.xcassets in Resources */,
				19E274CD2144D94800E2F6D2 /* Tutorial.storyboard in Resources */,
				19E274CF2144D95500E2F6D2 /* Certificate.storyboard in Resources */,
				19E274CB2144D93F00E2F6D2 /* Login.storyboard in Resources */,
			);
			runOnlyForDeploymentPostprocessing = 0;
		};
/* End PBXResourcesBuildPhase section */

/* Begin PBXShellScriptBuildPhase section */
		7300568699B1CF225A7FA6B9 /* [CP] Embed Pods Frameworks */ = {
			isa = PBXShellScriptBuildPhase;
			buildActionMask = 2147483647;
			files = (
			);
			inputPaths = (
				"${SRCROOT}/Pods/Target Support Files/Pods-FruitSchool/Pods-FruitSchool-frameworks.sh",
				"${BUILT_PRODUCTS_DIR}/Realm/Realm.framework",
				"${BUILT_PRODUCTS_DIR}/RealmSwift/RealmSwift.framework",
			);
			name = "[CP] Embed Pods Frameworks";
			outputPaths = (
				"${TARGET_BUILD_DIR}/${FRAMEWORKS_FOLDER_PATH}/Realm.framework",
				"${TARGET_BUILD_DIR}/${FRAMEWORKS_FOLDER_PATH}/RealmSwift.framework",
			);
			runOnlyForDeploymentPostprocessing = 0;
			shellPath = /bin/sh;
			shellScript = "\"${SRCROOT}/Pods/Target Support Files/Pods-FruitSchool/Pods-FruitSchool-frameworks.sh\"\n";
			showEnvVarsInLog = 0;
		};
		BE3E69945A6435DACEAB3AB1 /* [CP] Check Pods Manifest.lock */ = {
			isa = PBXShellScriptBuildPhase;
			buildActionMask = 2147483647;
			files = (
			);
			inputPaths = (
				"${PODS_PODFILE_DIR_PATH}/Podfile.lock",
				"${PODS_ROOT}/Manifest.lock",
			);
			name = "[CP] Check Pods Manifest.lock";
			outputPaths = (
				"$(DERIVED_FILE_DIR)/Pods-FruitSchool-checkManifestLockResult.txt",
			);
			runOnlyForDeploymentPostprocessing = 0;
			shellPath = /bin/sh;
			shellScript = "diff \"${PODS_PODFILE_DIR_PATH}/Podfile.lock\" \"${PODS_ROOT}/Manifest.lock\" > /dev/null\nif [ $? != 0 ] ; then\n    # print error to STDERR\n    echo \"error: The sandbox is not in sync with the Podfile.lock. Run 'pod install' or update your CocoaPods installation.\" >&2\n    exit 1\nfi\n# This output is used by Xcode 'outputs' to avoid re-running this script phase.\necho \"SUCCESS\" > \"${SCRIPT_OUTPUT_FILE_0}\"\n";
			showEnvVarsInLog = 0;
		};
/* End PBXShellScriptBuildPhase section */

/* Begin PBXSourcesBuildPhase section */
		190FC3B3213A689C00DD333F /* Sources */ = {
			isa = PBXSourcesBuildPhase;
			buildActionMask = 2147483647;
			files = (
				19E274D42144DA7600E2F6D2 /* FruitBookViewController.swift in Sources */,
				190F74B0213E34B00038234A /* UIAlertController+.swift in Sources */,
				190F74AC213E340F0038234A /* UIView+.swift in Sources */,
				190FC3BB213A689C00DD333F /* AppDelegate.swift in Sources */,
				19E274C92144D75300E2F6D2 /* API.swift in Sources */,
				190F74A8213E33DC0038234A /* String+.swift in Sources */,
				19E274C72144D74E00E2F6D2 /* Network.swift in Sources */,
				190F74AE213E34700038234A /* NSObject+.swift in Sources */,
				19E274D62144DDE600E2F6D2 /* Notification.Name.swift in Sources */,
				19E274D82144DEED00E2F6D2 /* FruitBookDetailViewController.swift in Sources */,
				190F74A6213E33850038234A /* UIViewController+.swift in Sources */,
				190F74AA213E34020038234A /* UIColor+.swift in Sources */,
			);
			runOnlyForDeploymentPostprocessing = 0;
		};
/* End PBXSourcesBuildPhase section */

/* Begin PBXVariantGroup section */
		190FC3C3213A689D00DD333F /* LaunchScreen.storyboard */ = {
			isa = PBXVariantGroup;
			children = (
				190FC3C4213A689D00DD333F /* Base */,
			);
			name = LaunchScreen.storyboard;
			sourceTree = "<group>";
		};
/* End PBXVariantGroup section */

/* Begin XCBuildConfiguration section */
		190FC3C7213A689D00DD333F /* Debug */ = {
			isa = XCBuildConfiguration;
			buildSettings = {
				ALWAYS_SEARCH_USER_PATHS = NO;
				CLANG_ANALYZER_NONNULL = YES;
				CLANG_ANALYZER_NUMBER_OBJECT_CONVERSION = YES_AGGRESSIVE;
				CLANG_CXX_LANGUAGE_STANDARD = "gnu++14";
				CLANG_CXX_LIBRARY = "libc++";
				CLANG_ENABLE_MODULES = YES;
				CLANG_ENABLE_OBJC_ARC = YES;
				CLANG_ENABLE_OBJC_WEAK = YES;
				CLANG_WARN_BLOCK_CAPTURE_AUTORELEASING = YES;
				CLANG_WARN_BOOL_CONVERSION = YES;
				CLANG_WARN_COMMA = YES;
				CLANG_WARN_CONSTANT_CONVERSION = YES;
				CLANG_WARN_DEPRECATED_OBJC_IMPLEMENTATIONS = YES;
				CLANG_WARN_DIRECT_OBJC_ISA_USAGE = YES_ERROR;
				CLANG_WARN_DOCUMENTATION_COMMENTS = YES;
				CLANG_WARN_EMPTY_BODY = YES;
				CLANG_WARN_ENUM_CONVERSION = YES;
				CLANG_WARN_INFINITE_RECURSION = YES;
				CLANG_WARN_INT_CONVERSION = YES;
				CLANG_WARN_NON_LITERAL_NULL_CONVERSION = YES;
				CLANG_WARN_OBJC_IMPLICIT_RETAIN_SELF = YES;
				CLANG_WARN_OBJC_LITERAL_CONVERSION = YES;
				CLANG_WARN_OBJC_ROOT_CLASS = YES_ERROR;
				CLANG_WARN_RANGE_LOOP_ANALYSIS = YES;
				CLANG_WARN_STRICT_PROTOTYPES = YES;
				CLANG_WARN_SUSPICIOUS_MOVE = YES;
				CLANG_WARN_UNGUARDED_AVAILABILITY = YES_AGGRESSIVE;
				CLANG_WARN_UNREACHABLE_CODE = YES;
				CLANG_WARN__DUPLICATE_METHOD_MATCH = YES;
				CODE_SIGN_IDENTITY = "iPhone Developer";
				COPY_PHASE_STRIP = NO;
				DEBUG_INFORMATION_FORMAT = dwarf;
				ENABLE_STRICT_OBJC_MSGSEND = YES;
				ENABLE_TESTABILITY = YES;
				GCC_C_LANGUAGE_STANDARD = gnu11;
				GCC_DYNAMIC_NO_PIC = NO;
				GCC_NO_COMMON_BLOCKS = YES;
				GCC_OPTIMIZATION_LEVEL = 0;
				GCC_PREPROCESSOR_DEFINITIONS = (
					"DEBUG=1",
					"$(inherited)",
				);
				GCC_WARN_64_TO_32_BIT_CONVERSION = YES;
				GCC_WARN_ABOUT_RETURN_TYPE = YES_ERROR;
				GCC_WARN_UNDECLARED_SELECTOR = YES;
				GCC_WARN_UNINITIALIZED_AUTOS = YES_AGGRESSIVE;
				GCC_WARN_UNUSED_FUNCTION = YES;
				GCC_WARN_UNUSED_VARIABLE = YES;
				IPHONEOS_DEPLOYMENT_TARGET = 10.0;
				MTL_ENABLE_DEBUG_INFO = YES;
				ONLY_ACTIVE_ARCH = YES;
				SDKROOT = iphoneos;
				SWIFT_ACTIVE_COMPILATION_CONDITIONS = DEBUG;
				SWIFT_OPTIMIZATION_LEVEL = "-Onone";
			};
			name = Debug;
		};
		190FC3C8213A689D00DD333F /* Release */ = {
			isa = XCBuildConfiguration;
			buildSettings = {
				ALWAYS_SEARCH_USER_PATHS = NO;
				CLANG_ANALYZER_NONNULL = YES;
				CLANG_ANALYZER_NUMBER_OBJECT_CONVERSION = YES_AGGRESSIVE;
				CLANG_CXX_LANGUAGE_STANDARD = "gnu++14";
				CLANG_CXX_LIBRARY = "libc++";
				CLANG_ENABLE_MODULES = YES;
				CLANG_ENABLE_OBJC_ARC = YES;
				CLANG_ENABLE_OBJC_WEAK = YES;
				CLANG_WARN_BLOCK_CAPTURE_AUTORELEASING = YES;
				CLANG_WARN_BOOL_CONVERSION = YES;
				CLANG_WARN_COMMA = YES;
				CLANG_WARN_CONSTANT_CONVERSION = YES;
				CLANG_WARN_DEPRECATED_OBJC_IMPLEMENTATIONS = YES;
				CLANG_WARN_DIRECT_OBJC_ISA_USAGE = YES_ERROR;
				CLANG_WARN_DOCUMENTATION_COMMENTS = YES;
				CLANG_WARN_EMPTY_BODY = YES;
				CLANG_WARN_ENUM_CONVERSION = YES;
				CLANG_WARN_INFINITE_RECURSION = YES;
				CLANG_WARN_INT_CONVERSION = YES;
				CLANG_WARN_NON_LITERAL_NULL_CONVERSION = YES;
				CLANG_WARN_OBJC_IMPLICIT_RETAIN_SELF = YES;
				CLANG_WARN_OBJC_LITERAL_CONVERSION = YES;
				CLANG_WARN_OBJC_ROOT_CLASS = YES_ERROR;
				CLANG_WARN_RANGE_LOOP_ANALYSIS = YES;
				CLANG_WARN_STRICT_PROTOTYPES = YES;
				CLANG_WARN_SUSPICIOUS_MOVE = YES;
				CLANG_WARN_UNGUARDED_AVAILABILITY = YES_AGGRESSIVE;
				CLANG_WARN_UNREACHABLE_CODE = YES;
				CLANG_WARN__DUPLICATE_METHOD_MATCH = YES;
				CODE_SIGN_IDENTITY = "iPhone Developer";
				COPY_PHASE_STRIP = NO;
				DEBUG_INFORMATION_FORMAT = "dwarf-with-dsym";
				ENABLE_NS_ASSERTIONS = NO;
				ENABLE_STRICT_OBJC_MSGSEND = YES;
				GCC_C_LANGUAGE_STANDARD = gnu11;
				GCC_NO_COMMON_BLOCKS = YES;
				GCC_WARN_64_TO_32_BIT_CONVERSION = YES;
				GCC_WARN_ABOUT_RETURN_TYPE = YES_ERROR;
				GCC_WARN_UNDECLARED_SELECTOR = YES;
				GCC_WARN_UNINITIALIZED_AUTOS = YES_AGGRESSIVE;
				GCC_WARN_UNUSED_FUNCTION = YES;
				GCC_WARN_UNUSED_VARIABLE = YES;
				IPHONEOS_DEPLOYMENT_TARGET = 10.0;
				MTL_ENABLE_DEBUG_INFO = NO;
				SDKROOT = iphoneos;
				SWIFT_COMPILATION_MODE = wholemodule;
				SWIFT_OPTIMIZATION_LEVEL = "-O";
				VALIDATE_PRODUCT = YES;
			};
			name = Release;
		};
		190FC3CA213A689D00DD333F /* Debug */ = {
			isa = XCBuildConfiguration;
			baseConfigurationReference = DA48AB07292D5B1D20B98DFD /* Pods-FruitSchool.debug.xcconfig */;
			buildSettings = {
				ASSETCATALOG_COMPILER_APPICON_NAME = AppIcon;
				CODE_SIGN_STYLE = Automatic;
				DEVELOPMENT_TEAM = H79MF628K3;
				INFOPLIST_FILE = "$(SRCROOT)/FruitSchool/Supporting Files/Info.plist";
				IPHONEOS_DEPLOYMENT_TARGET = 10.0;
				LD_RUNPATH_SEARCH_PATHS = (
					"$(inherited)",
					"@executable_path/Frameworks",
				);
				PRODUCT_BUNDLE_IDENTIFIER = com.yapp.FruitSchool;
				PRODUCT_NAME = "$(TARGET_NAME)";
				SWIFT_VERSION = 4.0;
				TARGETED_DEVICE_FAMILY = 1;
			};
			name = Debug;
		};
		190FC3CB213A689D00DD333F /* Release */ = {
			isa = XCBuildConfiguration;
			baseConfigurationReference = AE308E65D83414C1D0945E8F /* Pods-FruitSchool.release.xcconfig */;
			buildSettings = {
				ASSETCATALOG_COMPILER_APPICON_NAME = AppIcon;
				CODE_SIGN_STYLE = Automatic;
				DEVELOPMENT_TEAM = H79MF628K3;
				INFOPLIST_FILE = "$(SRCROOT)/FruitSchool/Supporting Files/Info.plist";
				IPHONEOS_DEPLOYMENT_TARGET = 10.0;
				LD_RUNPATH_SEARCH_PATHS = (
					"$(inherited)",
					"@executable_path/Frameworks",
				);
				PRODUCT_BUNDLE_IDENTIFIER = com.yapp.FruitSchool;
				PRODUCT_NAME = "$(TARGET_NAME)";
				SWIFT_VERSION = 4.0;
				TARGETED_DEVICE_FAMILY = 1;
			};
			name = Release;
		};
/* End XCBuildConfiguration section */

/* Begin XCConfigurationList section */
		190FC3B2213A689C00DD333F /* Build configuration list for PBXProject "FruitSchool" */ = {
			isa = XCConfigurationList;
			buildConfigurations = (
				190FC3C7213A689D00DD333F /* Debug */,
				190FC3C8213A689D00DD333F /* Release */,
			);
			defaultConfigurationIsVisible = 0;
			defaultConfigurationName = Release;
		};
		190FC3C9213A689D00DD333F /* Build configuration list for PBXNativeTarget "FruitSchool" */ = {
			isa = XCConfigurationList;
			buildConfigurations = (
				190FC3CA213A689D00DD333F /* Debug */,
				190FC3CB213A689D00DD333F /* Release */,
			);
			defaultConfigurationIsVisible = 0;
			defaultConfigurationName = Release;
		};
/* End XCConfigurationList section */
	};
	rootObject = 190FC3AF213A689C00DD333F /* Project object */;
}
